
Microsoft Visual Studio Solution File, Format Version 12.00
# Visual Studio 15
VisualStudioVersion = 15.0.28307.168
MinimumVisualStudioVersion = 10.0.40219.1
Project("{FAE04EC0-301F-11D3-BF4B-00C04F79EFBC}") = "monitoring_system", "monitoring_system\monitoring_system.csproj", "{6FD6C211-7D28-44BD-ADF5-2DC7BDE1B762}"
EndProject
Global
	GlobalSection(SolutionConfigurationPlatforms) = preSolution
		Debug|Any CPU = Debug|Any CPU
		Release|Any CPU = Release|Any CPU
	EndGlobalSection
	GlobalSection(ProjectConfigurationPlatforms) = postSolution
		{6FD6C211-7D28-44BD-ADF5-2DC7BDE1B762}.Debug|Any CPU.ActiveCfg = Debug|Any CPU
		{6FD6C211-7D28-44BD-ADF5-2DC7BDE1B762}.Debug|Any CPU.Build.0 = Debug|Any CPU
		{6FD6C211-7D28-44BD-ADF5-2DC7BDE1B762}.Release|Any CPU.ActiveCfg = Release|Any CPU
		{6FD6C211-7D28-44BD-ADF5-2DC7BDE1B762}.Release|Any CPU.Build.0 = Release|Any CPU
	EndGlobalSection
	GlobalSection(SolutionProperties) = preSolution
		HideSolutionNode = FALSE
	EndGlobalSection
	GlobalSection(ExtensibilityGlobals) = postSolution
		SolutionGuid = {D9D191F8-BAE8-4F4E-9C5E-C2C95FE74CCC}
	EndGlobalSection
EndGlobal
